
Microsoft Visual Studio Solution File, Format Version 12.00
# Visual Studio Version 17
VisualStudioVersion = 17.14.36811.4 d17.14
MinimumVisualStudioVersion = 10.0.40219.1
Project("{888888A0-9F3D-457C-B088-3A5042F75D52}") = "Simulador_de_Automatas", "Simulador_de_Automatas\Simulador_de_Automatas.pyproj", "{704B3A4F-ED77-4E06-A22B-A11183A2A0B6}"
EndProject
Global
	GlobalSection(SolutionConfigurationPlatforms) = preSolution
		Debug|Any CPU = Debug|Any CPU
		Release|Any CPU = Release|Any CPU
	EndGlobalSection
	GlobalSection(ProjectConfigurationPlatforms) = postSolution
		{704B3A4F-ED77-4E06-A22B-A11183A2A0B6}.Debug|Any CPU.ActiveCfg = Debug|Any CPU
		{704B3A4F-ED77-4E06-A22B-A11183A2A0B6}.Release|Any CPU.ActiveCfg = Release|Any CPU
	EndGlobalSection
	GlobalSection(SolutionProperties) = preSolution
		HideSolutionNode = FALSE
	EndGlobalSection
	GlobalSection(ExtensibilityGlobals) = postSolution
		SolutionGuid = {F4A3AFD9-E981-4918-93D4-AA94020F30A4}
	EndGlobalSection
EndGlobal
